# THIS IS AN AUTOGENERATED FILE. DO NOT EDIT THIS FILE DIRECTLY.
# yarn lockfile v1


pusher-js@^7.0.3:
  version "7.0.3"
  resolved "https://registry.yarnpkg.com/pusher-js/-/pusher-js-7.0.3.tgz#f81c78cdf2ad32f546caa7532ec7f9081ef00b8d"
  integrity sha512-HIfCvt00CAqgO4W0BrdpPsDcAwy51rB6DN0VMC+JeVRRbo8mn3XTeUeIFjmmlRLZLX8rPhUtLRo7vPag6b8GCw==
  dependencies:
    tweetnacl "^1.0.3"

tweetnacl@^1.0.3:
  version "1.0.3"
  resolved "https://registry.yarnpkg.com/tweetnacl/-/tweetnacl-1.0.3.tgz#ac0af71680458d8a6378d0d0d050ab1407d35596"
  integrity sha512-6rt+RN7aOi1nGMyC4Xa5DdYiukl2UWCbcJft7YhxReBGQD7OAM8Pbxw6YMo4r2diNEA8FEmu32YOn9rhaiE5yw==
